# This file is automatically @generated by Cargo.
# It is not intended for manual editing.
version = 4

[[package]]
name = "southstar-bookmarks"
version = "1.0.30-dev"
dependencies = [
 "southstar-glib",
]

[[package]]
name = "southstar-csp"
version = "1.0.30-dev"
dependencies = [
 "southstar-glib",
]

[[package]]
name = "southstar-css-syntax"
version = "1.0.30-dev"
dependencies = [
 "southstar-glib",
]

[[package]]
name = "southstar-datetime"
version = "1.0.30-dev"

[[package]]
name = "southstar-ffi"
version = "1.0.30-dev"
dependencies = [
 "southstar-bookmarks",
 "southstar-csp",
 "southstar-css-syntax",
 "southstar-datetime",
 "southstar-glib",
 "southstar-i18n",
]

[[package]]
name = "southstar-glib"
version = "1.0.30-dev"

[[package]]
name = "southstar-i18n"
version = "1.0.30-dev"
dependencies = [
 "southstar-glib",
]
