# This file is automatically @generated by Cargo.
# It is not intended for manual editing.
version = 4

[[package]]
name = "southstar-about-style"
version = "1.0.30-dev"

[[package]]
name = "southstar-bookmarks"
version = "1.0.30-dev"
dependencies = [
 "southstar-glib",
]

[[package]]
name = "southstar-csp"
version = "1.0.30-dev"
dependencies = [
 "southstar-glib",
]

[[package]]
name = "southstar-css-syntax"
version = "1.0.30-dev"
dependencies = [
 "southstar-glib",
]

[[package]]
name = "southstar-datetime"
version = "1.0.30-dev"

[[package]]
name = "southstar-debuglog"
version = "1.0.30-dev"
dependencies = [
 "southstar-glib",
]

[[package]]
name = "southstar-ffi"
version = "1.0.30-dev"
dependencies = [
 "southstar-about-style",
 "southstar-bookmarks",
 "southstar-csp",
 "southstar-css-syntax",
 "southstar-datetime",
 "southstar-debuglog",
 "southstar-glib",
 "southstar-history",
 "southstar-i18n",
 "southstar-safebrowsing",
 "southstar-woff2",
]

[[package]]
name = "southstar-glib"
version = "1.0.30-dev"

[[package]]
name = "southstar-history"
version = "1.0.30-dev"
dependencies = [
 "southstar-about-style",
 "southstar-glib",
]

[[package]]
name = "southstar-i18n"
version = "1.0.30-dev"
dependencies = [
 "southstar-glib",
]

[[package]]
name = "southstar-safebrowsing"
version = "1.0.30-dev"
dependencies = [
 "southstar-glib",
]

[[package]]
name = "southstar-woff2"
version = "1.0.30-dev"
dependencies = [
 "southstar-glib",
]
