# This file is automatically @generated by Cargo.
# It is not intended for manual editing.
version = 4

[[package]]
name = "southstar-datetime"
version = "1.0.30-dev"

[[package]]
name = "southstar-ffi"
version = "1.0.30-dev"
dependencies = [
 "southstar-datetime",
 "southstar-glib",
]

[[package]]
name = "southstar-glib"
version = "1.0.30-dev"
